
Microsoft Visual Studio Solution File, Format Version 12.00
# Visual Studio Version 16
VisualStudioVersion = 16.0.29409.12
MinimumVisualStudioVersion = 10.0.40219.1
Project("{FAE04EC0-301F-11D3-BF4B-00C04F79EFBC}") = "QliKSan", "QliKSan.csproj", "{C8D5E0EB-993E-4858-BA5E-484505E07D32}"
EndProject
Global
	GlobalSection(SolutionConfigurationPlatforms) = preSolution
		Debug|Any CPU = Debug|Any CPU
		Release|Any CPU = Release|Any CPU
	EndGlobalSection
	GlobalSection(ProjectConfigurationPlatforms) = postSolution
		{C8D5E0EB-993E-4858-BA5E-484505E07D32}.Debug|Any CPU.ActiveCfg = Debug|Any CPU
		{C8D5E0EB-993E-4858-BA5E-484505E07D32}.Debug|Any CPU.Build.0 = Debug|Any CPU
		{C8D5E0EB-993E-4858-BA5E-484505E07D32}.Release|Any CPU.ActiveCfg = Release|Any CPU
		{C8D5E0EB-993E-4858-BA5E-484505E07D32}.Release|Any CPU.Build.0 = Release|Any CPU
	EndGlobalSection
	GlobalSection(SolutionProperties) = preSolution
		HideSolutionNode = FALSE
	EndGlobalSection
	GlobalSection(ExtensibilityGlobals) = postSolution
		SolutionGuid = {86A31236-5DC0-407E-A0A4-90D1731E037D}
	EndGlobalSection
EndGlobal
